
Microsoft Visual Studio Solution File, Format Version 10.00
# Visual Studio 2008
Project("{8BC9CEB8-8B4A-11D0-8D11-00A0C91BC942}") = "day8_14", "day8_14\day8_14.vcproj", "{190F3809-72D2-4ABF-849A-39CCD3FF6485}"
EndProject
Global
	GlobalSection(SolutionConfigurationPlatforms) = preSolution
		Debug|Win32 = Debug|Win32
		Release|Win32 = Release|Win32
	EndGlobalSection
	GlobalSection(ProjectConfigurationPlatforms) = postSolution
		{190F3809-72D2-4ABF-849A-39CCD3FF6485}.Debug|Win32.ActiveCfg = Debug|Win32
		{190F3809-72D2-4ABF-849A-39CCD3FF6485}.Debug|Win32.Build.0 = Debug|Win32
		{190F3809-72D2-4ABF-849A-39CCD3FF6485}.Release|Win32.ActiveCfg = Release|Win32
		{190F3809-72D2-4ABF-849A-39CCD3FF6485}.Release|Win32.Build.0 = Release|Win32
	EndGlobalSection
	GlobalSection(SolutionProperties) = preSolution
		HideSolutionNode = FALSE
	EndGlobalSection
EndGlobal
