
Microsoft Visual Studio Solution File, Format Version 10.00
# Visual Studio 2008
Project("{8BC9CEB8-8B4A-11D0-8D11-00A0C91BC942}") = "day8_13", "day8_13\day8_13.vcproj", "{E99DC8BE-9D0C-4BA6-8C14-227532084D44}"
EndProject
Global
	GlobalSection(SolutionConfigurationPlatforms) = preSolution
		Debug|Win32 = Debug|Win32
		Release|Win32 = Release|Win32
	EndGlobalSection
	GlobalSection(ProjectConfigurationPlatforms) = postSolution
		{E99DC8BE-9D0C-4BA6-8C14-227532084D44}.Debug|Win32.ActiveCfg = Debug|Win32
		{E99DC8BE-9D0C-4BA6-8C14-227532084D44}.Debug|Win32.Build.0 = Debug|Win32
		{E99DC8BE-9D0C-4BA6-8C14-227532084D44}.Release|Win32.ActiveCfg = Release|Win32
		{E99DC8BE-9D0C-4BA6-8C14-227532084D44}.Release|Win32.Build.0 = Release|Win32
	EndGlobalSection
	GlobalSection(SolutionProperties) = preSolution
		HideSolutionNode = FALSE
	EndGlobalSection
EndGlobal
