
Microsoft Visual Studio Solution File, Format Version 10.00
# Visual Studio 2008
Project("{8BC9CEB8-8B4A-11D0-8D11-00A0C91BC942}") = "day8_22", "day8_22\day8_22.vcproj", "{5B78D40D-DEB1-457E-AEF5-DA7215E36FFD}"
EndProject
Global
	GlobalSection(SolutionConfigurationPlatforms) = preSolution
		Debug|Win32 = Debug|Win32
		Release|Win32 = Release|Win32
	EndGlobalSection
	GlobalSection(ProjectConfigurationPlatforms) = postSolution
		{5B78D40D-DEB1-457E-AEF5-DA7215E36FFD}.Debug|Win32.ActiveCfg = Debug|Win32
		{5B78D40D-DEB1-457E-AEF5-DA7215E36FFD}.Debug|Win32.Build.0 = Debug|Win32
		{5B78D40D-DEB1-457E-AEF5-DA7215E36FFD}.Release|Win32.ActiveCfg = Release|Win32
		{5B78D40D-DEB1-457E-AEF5-DA7215E36FFD}.Release|Win32.Build.0 = Release|Win32
	EndGlobalSection
	GlobalSection(SolutionProperties) = preSolution
		HideSolutionNode = FALSE
	EndGlobalSection
EndGlobal
